
Microsoft Visual Studio Solution File, Format Version 12.00
# Visual Studio Version 17
VisualStudioVersion = 17.5.33402.96
MinimumVisualStudioVersion = 10.0.40219.1
Project("{FAE04EC0-301F-11D3-BF4B-00C04F79EFBC}") = "Prog_226_S23_L4_Delegates", "Prog_226_S23_L4_Delegates.csproj", "{A92BDDFD-ED9A-49F3-9B26-73306BA84DEA}"
EndProject
Global
	GlobalSection(SolutionConfigurationPlatforms) = preSolution
		Debug|Any CPU = Debug|Any CPU
		Release|Any CPU = Release|Any CPU
	EndGlobalSection
	GlobalSection(ProjectConfigurationPlatforms) = postSolution
		{A92BDDFD-ED9A-49F3-9B26-73306BA84DEA}.Debug|Any CPU.ActiveCfg = Debug|Any CPU
		{A92BDDFD-ED9A-49F3-9B26-73306BA84DEA}.Debug|Any CPU.Build.0 = Debug|Any CPU
		{A92BDDFD-ED9A-49F3-9B26-73306BA84DEA}.Release|Any CPU.ActiveCfg = Release|Any CPU
		{A92BDDFD-ED9A-49F3-9B26-73306BA84DEA}.Release|Any CPU.Build.0 = Release|Any CPU
	EndGlobalSection
	GlobalSection(SolutionProperties) = preSolution
		HideSolutionNode = FALSE
	EndGlobalSection
	GlobalSection(ExtensibilityGlobals) = postSolution
		SolutionGuid = {7390B560-53A5-4498-BE04-C30CDF452E06}
	EndGlobalSection
EndGlobal
